// !$*UTF8*$!
{
	archiveVersion = 1;
	classes = {
	};
	objectVersion = 46;
	objects = {

/* Begin PBXBuildFile section */
		5479BEDD1CC3D08B00AC3EA7 /* AppDelegate.swift in Sources */ = {isa = PBXBuildFile; fileRef = 5479BEDC1CC3D08B00AC3EA7 /* AppDelegate.swift */; };
		5479BEDF1CC3D08B00AC3EA7 /* ViewController.swift in Sources */ = {isa = PBXBuildFile; fileRef = 5479BEDE1CC3D08B00AC3EA7 /* ViewController.swift */; };
		5479BEE21CC3D08B00AC3EA7 /* Main.storyboard in Resources */ = {isa = PBXBuildFile; fileRef = 5479BEE01CC3D08B00AC3EA7 /* Main.storyboard */; };
		5479BEE41CC3D08B00AC3EA7 /* Assets.xcassets in Resources */ = {isa = PBXBuildFile; fileRef = 5479BEE31CC3D08B00AC3EA7 /* Assets.xcassets */; };
		5479BEE71CC3D08B00AC3EA7 /* LaunchScreen.storyboard in Resources */ = {isa = PBXBuildFile; fileRef = 5479BEE51CC3D08B00AC3EA7 /* LaunchScreen.storyboard */; };
/* End PBXBuildFile section */

/* Begin PBXFileReference section */
		5479BED91CC3D08B00AC3EA7 /* DateDayApp.app */ = {isa = PBXFileReference; explicitFileType = wrapper.application; includeInIndex = 0; path = DateDayApp.app; sourceTree = BUILT_PRODUCTS_DIR; };
		5479BEDC1CC3D08B00AC3EA7 /* AppDelegate.swift */ = {isa = PBXFileReference; lastKnownFileType = sourcecode.swift; path = AppDelegate.swift; sourceTree = "<group>"; };
		5479BEDE1CC3D08B00AC3EA7 /* ViewController.swift */ = {isa = PBXFileReference; lastKnownFileType = sourcecode.swift; path = ViewController.swift; sourceTree = "<group>"; };
		5479BEE11CC3D08B00AC3EA7 /* Base */ = {isa = PBXFileReference; lastKnownFileType = file.storyboard; name = Base; path = Base.lproj/Main.storyboard; sourceTree = "<group>"; };
		5479BEE31CC3D08B00AC3EA7 /* Assets.xcassets */ = {isa = PBXFileReference; lastKnownFileType = folder.assetcatalog; path = Assets.xcassets; sourceTree = "<group>"; };
		5479BEE61CC3D08B00AC3EA7 /* Base */ = {isa = PBXFileReference; lastKnownFileType = file.storyboard; name = Base; path = Base.lproj/LaunchScreen.storyboard; sourceTree = "<group>"; };
		5479BEE81CC3D08B00AC3EA7 /* Info.plist */ = {isa = PBXFileReference; lastKnownFileType = text.plist.xml; path = Info.plist; sourceTree = "<group>"; };
/* End PBXFileReference section */

/* Begin PBXFrameworksBuildPhase section */
		5479BED61CC3D08B00AC3EA7 /* Frameworks */ = {
			isa = PBXFrameworksBuildPhase;
			buildActionMask = 2147483647;
			files = (
			);
			runOnlyForDeploymentPostprocessing = 0;
		};
/* End PBXFrameworksBuildPhase section */

/* Begin PBXGroup section */
		5479BED01CC3D08B00AC3EA7 = {
			isa = PBXGroup;
			children = (
				5479BEDB1CC3D08B00AC3EA7 /* DateDayApp */,
				5479BEDA1CC3D08B00AC3EA7 /* Products */,
			);
			sourceTree = "<group>";
		};
		5479BEDA1CC3D08B00AC3EA7 /* Products */ = {
			isa = PBXGroup;
			children = (
				5479BED91CC3D08B00AC3EA7 /* DateDayApp.app */,
			);
			name = Products;
			sourceTree = "<group>";
		};
		5479BEDB1CC3D08B00AC3EA7 /* DateDayApp */ = {
			isa = PBXGroup;
			children = (
				5479BEDC1CC3D08B00AC3EA7 /* AppDelegate.swift */,
				5479BEDE1CC3D08B00AC3EA7 /* ViewController.swift */,
				5479BEE01CC3D08B00AC3EA7 /* Main.storyboard */,
				5479BEE31CC3D08B00AC3EA7 /* Assets.xcassets */,
				5479BEE51CC3D08B00AC3EA7 /* LaunchScreen.storyboard */,
				5479BEE81CC3D08B00AC3EA7 /* Info.plist */,
			);
			path = DateDayApp;
			sourceTree = "<group>";
		};
/* End PBXGroup section */

/* Begin PBXNativeTarget section */
		5479BED81CC3D08B00AC3EA7 /* DateDayApp */ = {
			isa = PBXNativeTarget;
			buildConfigurationList = 5479BEEB1CC3D08B00AC3EA7 /* Build configuration list for PBXNativeTarget "DateDayApp" */;
			buildPhases = (
				5479BED51CC3D08B00AC3EA7 /* Sources */,
				5479BED61CC3D08B00AC3EA7 /* Frameworks */,
				5479BED71CC3D08B00AC3EA7 /* Resources */,
			);
			buildRules = (
			);
			dependencies = (
			);
			name = DateDayApp;
			productName = DateDayApp;
			productReference = 5479BED91CC3D08B00AC3EA7 /* DateDayApp.app */;
			productType = "com.apple.product-type.application";
		};
/* End PBXNativeTarget section */

/* Begin PBXProject section */
		5479BED11CC3D08B00AC3EA7 /* Project object */ = {
			isa = PBXProject;
			attributes = {
				LastSwiftUpdateCheck = 0720;
				LastUpgradeCheck = 0720;
				ORGANIZATIONNAME = Deepak;
				TargetAttributes = {
					5479BED81CC3D08B00AC3EA7 = {
						CreatedOnToolsVersion = 7.2;
						DevelopmentTeam = YDHS24LRM6;
					};
				};
			};
			buildConfigurationList = 5479BED41CC3D08B00AC3EA7 /* Build configuration list for PBXProject "DateDayApp" */;
			compatibilityVersion = "Xcode 3.2";
			developmentRegion = English;
			hasScannedForEncodings = 0;
			knownRegions = (
				en,
				Base,
			);
			mainGroup = 5479BED01CC3D08B00AC3EA7;
			productRefGroup = 5479BEDA1CC3D08B00AC3EA7 /* Products */;
			projectDirPath = "";
			projectRoot = "";
			targets = (
				5479BED81CC3D08B00AC3EA7 /* DateDayApp */,
			);
		};
/* End PBXProject section */

/* Begin PBXResourcesBuildPhase section */
		5479BED71CC3D08B00AC3EA7 /* Resources */ = {
			isa = PBXResourcesBuildPhase;
			buildActionMask = 2147483647;
			files = (
				5479BEE71CC3D08B00AC3EA7 /* LaunchScreen.storyboard in Resources */,
				5479BEE41CC3D08B00AC3EA7 /* Assets.xcassets in Resources */,
				5479BEE21CC3D08B00AC3EA7 /* Main.storyboard in Resources */,
			);
			runOnlyForDeploymentPostprocessing = 0;
		};
/* End PBXResourcesBuildPhase section */

/* Begin PBXSourcesBuildPhase section */
		5479BED51CC3D08B00AC3EA7 /* Sources */ = {
			isa = PBXSourcesBuildPhase;
			buildActionMask = 2147483647;
			files = (
				5479BEDF1CC3D08B00AC3EA7 /* ViewController.swift in Sources */,
				5479BEDD1CC3D08B00AC3EA7 /* AppDelegate.swift in Sources */,
			);
			runOnlyForDeploymentPostprocessing = 0;
		};
/* End PBXSourcesBuildPhase section */

/* Begin PBXVariantGroup section */
		5479BEE01CC3D08B00AC3EA7 /* Main.storyboard */ = {
			isa = PBXVariantGroup;
			children = (
				5479BEE11CC3D08B00AC3EA7 /* Base */,
			);
			name = Main.storyboard;
			sourceTree = "<group>";
		};
		5479BEE51CC3D08B00AC3EA7 /* LaunchScreen.storyboard */ = {
			isa = PBXVariantGroup;
			children = (
				5479BEE61CC3D08B00AC3EA7 /* Base */,
			);
			name = LaunchScreen.storyboard;
			sourceTree = "<group>";
		};
/* End PBXVariantGroup section */

/* Begin XCBuildConfiguration section */
		5479BEE91CC3D08B00AC3EA7 /* Debug */ = {
			isa = XCBuildConfiguration;
			buildSettings = {
				ALWAYS_SEARCH_USER_PATHS = NO;
				CLANG_CXX_LANGUAGE_STANDARD = "gnu++0x";
				CLANG_CXX_LIBRARY = "libc++";
				CLANG_ENABLE_MODULES = YES;
				CLANG_ENABLE_OBJC_ARC = YES;
				CLANG_WARN_BOOL_CONVERSION = YES;
				CLANG_WARN_CONSTANT_CONVERSION = YES;
				CLANG_WARN_DIRECT_OBJC_ISA_USAGE = YES_ERROR;
				CLANG_WARN_EMPTY_BODY = YES;
				CLANG_WARN_ENUM_CONVERSION = YES;
				CLANG_WARN_INT_CONVERSION = YES;
				CLANG_WARN_OBJC_ROOT_CLASS = YES_ERROR;
				CLANG_WARN_UNREACHABLE_CODE = YES;
				CLANG_WARN__DUPLICATE_METHOD_MATCH = YES;
				"CODE_SIGN_IDENTITY[sdk=iphoneos*]" = "iPhone Developer";
				COPY_PHASE_STRIP = NO;
				DEBUG_INFORMATION_FORMAT = dwarf;
				ENABLE_STRICT_OBJC_MSGSEND = YES;
				ENABLE_TESTABILITY = YES;
				GCC_C_LANGUAGE_STANDARD = gnu99;
				GCC_DYNAMIC_NO_PIC = NO;
				GCC_NO_COMMON_BLOCKS = YES;
				GCC_OPTIMIZATION_LEVEL = 0;
				GCC_PREPROCESSOR_DEFINITIONS = (
					"DEBUG=1",
					"$(inherited)",
				);
				GCC_WARN_64_TO_32_BIT_CONVERSION = YES;
				GCC_WARN_ABOUT_RETURN_TYPE = YES_ERROR;
				GCC_WARN_UNDECLARED_SELECTOR = YES;
				GCC_WARN_UNINITIALIZED_AUTOS = YES_AGGRESSIVE;
				GCC_WARN_UNUSED_FUNCTION = YES;
				GCC_WARN_UNUSED_VARIABLE = YES;
				IPHONEOS_DEPLOYMENT_TARGET = 9.2;
				MTL_ENABLE_DEBUG_INFO = YES;
				ONLY_ACTIVE_ARCH = YES;
				SDKROOT = iphoneos;
				SWIFT_OPTIMIZATION_LEVEL = "-Onone";
				TARGETED_DEVICE_FAMILY = "1,2";
			};
			name = Debug;
		};
		5479BEEA1CC3D08B00AC3EA7 /* Release */ = {
			isa = XCBuildConfiguration;
			buildSettings = {
				ALWAYS_SEARCH_USER_PATHS = NO;
				CLANG_CXX_LANGUAGE_STANDARD = "gnu++0x";
				CLANG_CXX_LIBRARY = "libc++";
				CLANG_ENABLE_MODULES = YES;
				CLANG_ENABLE_OBJC_ARC = YES;
				CLANG_WARN_BOOL_CONVERSION = YES;
				CLANG_WARN_CONSTANT_CONVERSION = YES;
				CLANG_WARN_DIRECT_OBJC_ISA_USAGE = YES_ERROR;
				CLANG_WARN_EMPTY_BODY = YES;
				CLANG_WARN_ENUM_CONVERSION = YES;
				CLANG_WARN_INT_CONVERSION = YES;
				CLANG_WARN_OBJC_ROOT_CLASS = YES_ERROR;
				CLANG_WARN_UNREACHABLE_CODE = YES;
				CLANG_WARN__DUPLICATE_METHOD_MATCH = YES;
				"CODE_SIGN_IDENTITY[sdk=iphoneos*]" = "iPhone Developer";
				COPY_PHASE_STRIP = NO;
				DEBUG_INFORMATION_FORMAT = "dwarf-with-dsym";
				ENABLE_NS_ASSERTIONS = NO;
				ENABLE_STRICT_OBJC_MSGSEND = YES;
				GCC_C_LANGUAGE_STANDARD = gnu99;
				GCC_NO_COMMON_BLOCKS = YES;
				GCC_WARN_64_TO_32_BIT_CONVERSION = YES;
				GCC_WARN_ABOUT_RETURN_TYPE = YES_ERROR;
				GCC_WARN_UNDECLARED_SELECTOR = YES;
				GCC_WARN_UNINITIALIZED_AUTOS = YES_AGGRESSIVE;
				GCC_WARN_UNUSED_FUNCTION = YES;
				GCC_WARN_UNUSED_VARIABLE = YES;
				IPHONEOS_DEPLOYMENT_TARGET = 9.2;
				MTL_ENABLE_DEBUG_INFO = NO;
				SDKROOT = iphoneos;
				TARGETED_DEVICE_FAMILY = "1,2";
				VALIDATE_PRODUCT = YES;
			};
			name = Release;
		};
		5479BEEC1CC3D08B00AC3EA7 /* Debug */ = {
			isa = XCBuildConfiguration;
			buildSettings = {
				ASSETCATALOG_COMPILER_APPICON_NAME = AppIcon;
				INFOPLIST_FILE = DateDayApp/Info.plist;
				LD_RUNPATH_SEARCH_PATHS = "$(inherited) @executable_path/Frameworks";
				PRODUCT_BUNDLE_IDENTIFIER = com.singhdeepak.DateDayApp;
				PRODUCT_NAME = "$(TARGET_NAME)";
			};
			name = Debug;
		};
		5479BEED1CC3D08B00AC3EA7 /* Release */ = {
			isa = XCBuildConfiguration;
			buildSettings = {
				ASSETCATALOG_COMPILER_APPICON_NAME = AppIcon;
				INFOPLIST_FILE = DateDayApp/Info.plist;
				LD_RUNPATH_SEARCH_PATHS = "$(inherited) @executable_path/Frameworks";
				PRODUCT_BUNDLE_IDENTIFIER = com.singhdeepak.DateDayApp;
				PRODUCT_NAME = "$(TARGET_NAME)";
			};
			name = Release;
		};
/* End XCBuildConfiguration section */

/* Begin XCConfigurationList section */
		5479BED41CC3D08B00AC3EA7 /* Build configuration list for PBXProject "DateDayApp" */ = {
			isa = XCConfigurationList;
			buildConfigurations = (
				5479BEE91CC3D08B00AC3EA7 /* Debug */,
				5479BEEA1CC3D08B00AC3EA7 /* Release */,
			);
			defaultConfigurationIsVisible = 0;
			defaultConfigurationName = Release;
		};
		5479BEEB1CC3D08B00AC3EA7 /* Build configuration list for PBXNativeTarget "DateDayApp" */ = {
			isa = XCConfigurationList;
			buildConfigurations = (
				5479BEEC1CC3D08B00AC3EA7 /* Debug */,
				5479BEED1CC3D08B00AC3EA7 /* Release */,
			);
			defaultConfigurationIsVisible = 0;
		};
/* End XCConfigurationList section */
	};
	rootObject = 5479BED11CC3D08B00AC3EA7 /* Project object */;
}
