// !$*UTF8*$!
{
	archiveVersion = 1;
	classes = {
	};
	objectVersion = 46;
	objects = {

/* Begin PBXBuildFile section */
		54112CA11CC2B0FB00D64CC1 /* AppDelegate.swift in Sources */ = {isa = PBXBuildFile; fileRef = 54112CA01CC2B0FB00D64CC1 /* AppDelegate.swift */; };
		54112CA31CC2B0FB00D64CC1 /* ViewController.swift in Sources */ = {isa = PBXBuildFile; fileRef = 54112CA21CC2B0FB00D64CC1 /* ViewController.swift */; };
		54112CA61CC2B0FB00D64CC1 /* Main.storyboard in Resources */ = {isa = PBXBuildFile; fileRef = 54112CA41CC2B0FB00D64CC1 /* Main.storyboard */; };
		54112CA81CC2B0FB00D64CC1 /* Assets.xcassets in Resources */ = {isa = PBXBuildFile; fileRef = 54112CA71CC2B0FB00D64CC1 /* Assets.xcassets */; };
		54112CAB1CC2B0FB00D64CC1 /* LaunchScreen.storyboard in Resources */ = {isa = PBXBuildFile; fileRef = 54112CA91CC2B0FB00D64CC1 /* LaunchScreen.storyboard */; };
/* End PBXBuildFile section */

/* Begin PBXFileReference section */
		54112C9D1CC2B0FB00D64CC1 /* First.app */ = {isa = PBXFileReference; explicitFileType = wrapper.application; includeInIndex = 0; path = First.app; sourceTree = BUILT_PRODUCTS_DIR; };
		54112CA01CC2B0FB00D64CC1 /* AppDelegate.swift */ = {isa = PBXFileReference; lastKnownFileType = sourcecode.swift; path = AppDelegate.swift; sourceTree = "<group>"; };
		54112CA21CC2B0FB00D64CC1 /* ViewController.swift */ = {isa = PBXFileReference; lastKnownFileType = sourcecode.swift; path = ViewController.swift; sourceTree = "<group>"; };
		54112CA51CC2B0FB00D64CC1 /* Base */ = {isa = PBXFileReference; lastKnownFileType = file.storyboard; name = Base; path = Base.lproj/Main.storyboard; sourceTree = "<group>"; };
		54112CA71CC2B0FB00D64CC1 /* Assets.xcassets */ = {isa = PBXFileReference; lastKnownFileType = folder.assetcatalog; path = Assets.xcassets; sourceTree = "<group>"; };
		54112CAA1CC2B0FB00D64CC1 /* Base */ = {isa = PBXFileReference; lastKnownFileType = file.storyboard; name = Base; path = Base.lproj/LaunchScreen.storyboard; sourceTree = "<group>"; };
		54112CAC1CC2B0FB00D64CC1 /* Info.plist */ = {isa = PBXFileReference; lastKnownFileType = text.plist.xml; path = Info.plist; sourceTree = "<group>"; };
/* End PBXFileReference section */

/* Begin PBXFrameworksBuildPhase section */
		54112C9A1CC2B0FB00D64CC1 /* Frameworks */ = {
			isa = PBXFrameworksBuildPhase;
			buildActionMask = 2147483647;
			files = (
			);
			runOnlyForDeploymentPostprocessing = 0;
		};
/* End PBXFrameworksBuildPhase section */

/* Begin PBXGroup section */
		54112C941CC2B0FB00D64CC1 = {
			isa = PBXGroup;
			children = (
				54112C9F1CC2B0FB00D64CC1 /* First */,
				54112C9E1CC2B0FB00D64CC1 /* Products */,
			);
			sourceTree = "<group>";
		};
		54112C9E1CC2B0FB00D64CC1 /* Products */ = {
			isa = PBXGroup;
			children = (
				54112C9D1CC2B0FB00D64CC1 /* First.app */,
			);
			name = Products;
			sourceTree = "<group>";
		};
		54112C9F1CC2B0FB00D64CC1 /* First */ = {
			isa = PBXGroup;
			children = (
				54112CA01CC2B0FB00D64CC1 /* AppDelegate.swift */,
				54112CA21CC2B0FB00D64CC1 /* ViewController.swift */,
				54112CA41CC2B0FB00D64CC1 /* Main.storyboard */,
				54112CA71CC2B0FB00D64CC1 /* Assets.xcassets */,
				54112CA91CC2B0FB00D64CC1 /* LaunchScreen.storyboard */,
				54112CAC1CC2B0FB00D64CC1 /* Info.plist */,
			);
			path = First;
			sourceTree = "<group>";
		};
/* End PBXGroup section */

/* Begin PBXNativeTarget section */
		54112C9C1CC2B0FB00D64CC1 /* First */ = {
			isa = PBXNativeTarget;
			buildConfigurationList = 54112CAF1CC2B0FB00D64CC1 /* Build configuration list for PBXNativeTarget "First" */;
			buildPhases = (
				54112C991CC2B0FB00D64CC1 /* Sources */,
				54112C9A1CC2B0FB00D64CC1 /* Frameworks */,
				54112C9B1CC2B0FB00D64CC1 /* Resources */,
			);
			buildRules = (
			);
			dependencies = (
			);
			name = First;
			productName = First;
			productReference = 54112C9D1CC2B0FB00D64CC1 /* First.app */;
			productType = "com.apple.product-type.application";
		};
/* End PBXNativeTarget section */

/* Begin PBXProject section */
		54112C951CC2B0FB00D64CC1 /* Project object */ = {
			isa = PBXProject;
			attributes = {
				LastSwiftUpdateCheck = 0720;
				LastUpgradeCheck = 0720;
				ORGANIZATIONNAME = Deepak;
				TargetAttributes = {
					54112C9C1CC2B0FB00D64CC1 = {
						CreatedOnToolsVersion = 7.2;
						DevelopmentTeam = YDHS24LRM6;
					};
				};
			};
			buildConfigurationList = 54112C981CC2B0FB00D64CC1 /* Build configuration list for PBXProject "First" */;
			compatibilityVersion = "Xcode 3.2";
			developmentRegion = English;
			hasScannedForEncodings = 0;
			knownRegions = (
				en,
				Base,
			);
			mainGroup = 54112C941CC2B0FB00D64CC1;
			productRefGroup = 54112C9E1CC2B0FB00D64CC1 /* Products */;
			projectDirPath = "";
			projectRoot = "";
			targets = (
				54112C9C1CC2B0FB00D64CC1 /* First */,
			);
		};
/* End PBXProject section */

/* Begin PBXResourcesBuildPhase section */
		54112C9B1CC2B0FB00D64CC1 /* Resources */ = {
			isa = PBXResourcesBuildPhase;
			buildActionMask = 2147483647;
			files = (
				54112CAB1CC2B0FB00D64CC1 /* LaunchScreen.storyboard in Resources */,
				54112CA81CC2B0FB00D64CC1 /* Assets.xcassets in Resources */,
				54112CA61CC2B0FB00D64CC1 /* Main.storyboard in Resources */,
			);
			runOnlyForDeploymentPostprocessing = 0;
		};
/* End PBXResourcesBuildPhase section */

/* Begin PBXSourcesBuildPhase section */
		54112C991CC2B0FB00D64CC1 /* Sources */ = {
			isa = PBXSourcesBuildPhase;
			buildActionMask = 2147483647;
			files = (
				54112CA31CC2B0FB00D64CC1 /* ViewController.swift in Sources */,
				54112CA11CC2B0FB00D64CC1 /* AppDelegate.swift in Sources */,
			);
			runOnlyForDeploymentPostprocessing = 0;
		};
/* End PBXSourcesBuildPhase section */

/* Begin PBXVariantGroup section */
		54112CA41CC2B0FB00D64CC1 /* Main.storyboard */ = {
			isa = PBXVariantGroup;
			children = (
				54112CA51CC2B0FB00D64CC1 /* Base */,
			);
			name = Main.storyboard;
			sourceTree = "<group>";
		};
		54112CA91CC2B0FB00D64CC1 /* LaunchScreen.storyboard */ = {
			isa = PBXVariantGroup;
			children = (
				54112CAA1CC2B0FB00D64CC1 /* Base */,
			);
			name = LaunchScreen.storyboard;
			sourceTree = "<group>";
		};
/* End PBXVariantGroup section */

/* Begin XCBuildConfiguration section */
		54112CAD1CC2B0FB00D64CC1 /* Debug */ = {
			isa = XCBuildConfiguration;
			buildSettings = {
				ALWAYS_SEARCH_USER_PATHS = NO;
				CLANG_CXX_LANGUAGE_STANDARD = "gnu++0x";
				CLANG_CXX_LIBRARY = "libc++";
				CLANG_ENABLE_MODULES = YES;
				CLANG_ENABLE_OBJC_ARC = YES;
				CLANG_WARN_BOOL_CONVERSION = YES;
				CLANG_WARN_CONSTANT_CONVERSION = YES;
				CLANG_WARN_DIRECT_OBJC_ISA_USAGE = YES_ERROR;
				CLANG_WARN_EMPTY_BODY = YES;
				CLANG_WARN_ENUM_CONVERSION = YES;
				CLANG_WARN_INT_CONVERSION = YES;
				CLANG_WARN_OBJC_ROOT_CLASS = YES_ERROR;
				CLANG_WARN_UNREACHABLE_CODE = YES;
				CLANG_WARN__DUPLICATE_METHOD_MATCH = YES;
				"CODE_SIGN_IDENTITY[sdk=iphoneos*]" = "iPhone Developer";
				COPY_PHASE_STRIP = NO;
				DEBUG_INFORMATION_FORMAT = dwarf;
				ENABLE_STRICT_OBJC_MSGSEND = YES;
				ENABLE_TESTABILITY = YES;
				GCC_C_LANGUAGE_STANDARD = gnu99;
				GCC_DYNAMIC_NO_PIC = NO;
				GCC_NO_COMMON_BLOCKS = YES;
				GCC_OPTIMIZATION_LEVEL = 0;
				GCC_PREPROCESSOR_DEFINITIONS = (
					"DEBUG=1",
					"$(inherited)",
				);
				GCC_WARN_64_TO_32_BIT_CONVERSION = YES;
				GCC_WARN_ABOUT_RETURN_TYPE = YES_ERROR;
				GCC_WARN_UNDECLARED_SELECTOR = YES;
				GCC_WARN_UNINITIALIZED_AUTOS = YES_AGGRESSIVE;
				GCC_WARN_UNUSED_FUNCTION = YES;
				GCC_WARN_UNUSED_VARIABLE = YES;
				IPHONEOS_DEPLOYMENT_TARGET = 9.2;
				MTL_ENABLE_DEBUG_INFO = YES;
				ONLY_ACTIVE_ARCH = YES;
				SDKROOT = iphoneos;
				SWIFT_OPTIMIZATION_LEVEL = "-Onone";
				TARGETED_DEVICE_FAMILY = "1,2";
			};
			name = Debug;
		};
		54112CAE1CC2B0FB00D64CC1 /* Release */ = {
			isa = XCBuildConfiguration;
			buildSettings = {
				ALWAYS_SEARCH_USER_PATHS = NO;
				CLANG_CXX_LANGUAGE_STANDARD = "gnu++0x";
				CLANG_CXX_LIBRARY = "libc++";
				CLANG_ENABLE_MODULES = YES;
				CLANG_ENABLE_OBJC_ARC = YES;
				CLANG_WARN_BOOL_CONVERSION = YES;
				CLANG_WARN_CONSTANT_CONVERSION = YES;
				CLANG_WARN_DIRECT_OBJC_ISA_USAGE = YES_ERROR;
				CLANG_WARN_EMPTY_BODY = YES;
				CLANG_WARN_ENUM_CONVERSION = YES;
				CLANG_WARN_INT_CONVERSION = YES;
				CLANG_WARN_OBJC_ROOT_CLASS = YES_ERROR;
				CLANG_WARN_UNREACHABLE_CODE = YES;
				CLANG_WARN__DUPLICATE_METHOD_MATCH = YES;
				"CODE_SIGN_IDENTITY[sdk=iphoneos*]" = "iPhone Developer";
				COPY_PHASE_STRIP = NO;
				DEBUG_INFORMATION_FORMAT = "dwarf-with-dsym";
				ENABLE_NS_ASSERTIONS = NO;
				ENABLE_STRICT_OBJC_MSGSEND = YES;
				GCC_C_LANGUAGE_STANDARD = gnu99;
				GCC_NO_COMMON_BLOCKS = YES;
				GCC_WARN_64_TO_32_BIT_CONVERSION = YES;
				GCC_WARN_ABOUT_RETURN_TYPE = YES_ERROR;
				GCC_WARN_UNDECLARED_SELECTOR = YES;
				GCC_WARN_UNINITIALIZED_AUTOS = YES_AGGRESSIVE;
				GCC_WARN_UNUSED_FUNCTION = YES;
				GCC_WARN_UNUSED_VARIABLE = YES;
				IPHONEOS_DEPLOYMENT_TARGET = 9.2;
				MTL_ENABLE_DEBUG_INFO = NO;
				SDKROOT = iphoneos;
				TARGETED_DEVICE_FAMILY = "1,2";
				VALIDATE_PRODUCT = YES;
			};
			name = Release;
		};
		54112CB01CC2B0FB00D64CC1 /* Debug */ = {
			isa = XCBuildConfiguration;
			buildSettings = {
				ASSETCATALOG_COMPILER_APPICON_NAME = AppIcon;
				CODE_SIGN_IDENTITY = "iPhone Developer";
				"CODE_SIGN_IDENTITY[sdk=iphoneos*]" = "iPhone Developer";
				INFOPLIST_FILE = First/Info.plist;
				LD_RUNPATH_SEARCH_PATHS = "$(inherited) @executable_path/Frameworks";
				PRODUCT_BUNDLE_IDENTIFIER = com.singhdeepak.First;
				PRODUCT_NAME = "$(TARGET_NAME)";
				PROVISIONING_PROFILE = "";
			};
			name = Debug;
		};
		54112CB11CC2B0FB00D64CC1 /* Release */ = {
			isa = XCBuildConfiguration;
			buildSettings = {
				ASSETCATALOG_COMPILER_APPICON_NAME = AppIcon;
				CODE_SIGN_IDENTITY = "iPhone Developer";
				"CODE_SIGN_IDENTITY[sdk=iphoneos*]" = "iPhone Developer";
				INFOPLIST_FILE = First/Info.plist;
				LD_RUNPATH_SEARCH_PATHS = "$(inherited) @executable_path/Frameworks";
				PRODUCT_BUNDLE_IDENTIFIER = com.singhdeepak.First;
				PRODUCT_NAME = "$(TARGET_NAME)";
				PROVISIONING_PROFILE = "";
			};
			name = Release;
		};
/* End XCBuildConfiguration section */

/* Begin XCConfigurationList section */
		54112C981CC2B0FB00D64CC1 /* Build configuration list for PBXProject "First" */ = {
			isa = XCConfigurationList;
			buildConfigurations = (
				54112CAD1CC2B0FB00D64CC1 /* Debug */,
				54112CAE1CC2B0FB00D64CC1 /* Release */,
			);
			defaultConfigurationIsVisible = 0;
			defaultConfigurationName = Release;
		};
		54112CAF1CC2B0FB00D64CC1 /* Build configuration list for PBXNativeTarget "First" */ = {
			isa = XCConfigurationList;
			buildConfigurations = (
				54112CB01CC2B0FB00D64CC1 /* Debug */,
				54112CB11CC2B0FB00D64CC1 /* Release */,
			);
			defaultConfigurationIsVisible = 0;
		};
/* End XCConfigurationList section */
	};
	rootObject = 54112C951CC2B0FB00D64CC1 /* Project object */;
}
